{
  "name": "easemob-uniapp-vue3-callkit-example",
  "lockfileVersion": 2,
  "requires": true,
  "packages": {
    "": {
      "dependencies": {
        "easemob-websdk": "^4.19.1"
      }
    },
    "node_modules/easemob-websdk": {
      "version": "4.19.1",
      "resolved": "https://registry.npmjs.org/easemob-websdk/-/easemob-websdk-4.19.1.tgz",
      "integrity": "sha512-GJ+u7EXcbBn0SGMTfKkoGe6Sy5FieXuNlAEiQHtkTkzEMQKbEizUMah5S4R+ubtCY+n+c18ph90OSQXeDdyYkw==",
      "license": "ISC"
    }
  },
  "dependencies": {
    "easemob-websdk": {
      "version": "4.19.1",
      "resolved": "https://registry.npmjs.org/easemob-websdk/-/easemob-websdk-4.19.1.tgz",
      "integrity": "sha512-GJ+u7EXcbBn0SGMTfKkoGe6Sy5FieXuNlAEiQHtkTkzEMQKbEizUMah5S4R+ubtCY+n+c18ph90OSQXeDdyYkw=="
    }
  }
}
