{
  "name": "easemob-uniapp-vue3-callkit-example",
  "lockfileVersion": 2,
  "requires": true,
  "packages": {
    "": {
      "dependencies": {
        "easemob-websdk": "^4.9.1"
      }
    },
    "node_modules/easemob-websdk": {
      "version": "4.12.1",
      "resolved": "https://registry.npmjs.org/easemob-websdk/-/easemob-websdk-4.12.1.tgz",
      "integrity": "sha512-3R5wUB3aGM64EtBuYTKre0A+lclPE/BGFE/iqXQY/717TAagXUqHvT2YggLhg4AG6NC4OGHJgLxNaj3hDYUS7A==",
      "license": "ISC"
    }
  },
  "dependencies": {
    "easemob-websdk": {
      "version": "4.12.1",
      "resolved": "https://registry.npmjs.org/easemob-websdk/-/easemob-websdk-4.12.1.tgz",
      "integrity": "sha512-3R5wUB3aGM64EtBuYTKre0A+lclPE/BGFE/iqXQY/717TAagXUqHvT2YggLhg4AG6NC4OGHJgLxNaj3hDYUS7A=="
    }
  }
}
