# THIS IS AN AUTOGENERATED FILE. DO NOT EDIT THIS FILE DIRECTLY.
# yarn lockfile v1


easemob-websdk@^4.9.1:
  version "4.12.1"
  resolved "https://registry.npmjs.org/easemob-websdk/-/easemob-websdk-4.12.1.tgz"
  integrity sha512-3R5wUB3aGM64EtBuYTKre0A+lclPE/BGFE/iqXQY/717TAagXUqHvT2YggLhg4AG6NC4OGHJgLxNaj3hDYUS7A==
